# @generated by Move, please check-in and do not edit manually.

[move]
version = 3
manifest_digest = "4AAE570F387973FA08BF0D8760813F49BE309B318D12CD4E2A2E24DB2ED38DA4"
deps_digest = "3C4103934B1E040BB6B23F1D610B4EF9F2F1166A50A104EADCF77467C004C600"
dependencies = [
  { id = "Sui", name = "Sui" },
  { id = "artinals", name = "artinals" },
]

[[move.package]]
id = "MoveStdlib"
source = { git = "https://github.com/MystenLabs/sui.git", rev = "framework/mainnet", subdir = "crates/sui-framework/packages/move-stdlib" }

[[move.package]]
id = "Sui"
source = { git = "https://github.com/MystenLabs/sui.git", rev = "framework/mainnet", subdir = "crates/sui-framework/packages/sui-framework" }

dependencies = [
  { id = "MoveStdlib", name = "MoveStdlib" },
]

[[move.package]]
id = "artinals"
source = { git = "https://github.com/artfilabs/artinalsprotocolv1.git", rev = "main", subdir = "." }

dependencies = [
  { id = "Sui", name = "Sui" },
]

[move.toolchain-version]
compiler-version = "1.47.0"
edition = "2024.beta"
flavor = "sui"

[env]

[env.testnet]
chain-id = "4c78adac"
original-published-id = "0x7dd8f775c12fdcd4ba4633bb65700597a53705de5681b7d622b2a99c8377f82c"
latest-published-id = "0x7dd8f775c12fdcd4ba4633bb65700597a53705de5681b7d622b2a99c8377f82c"
published-version = "1"
